
Microsoft Visual Studio Solution File, Format Version 12.00
# Visual Studio Version 17
VisualStudioVersion = 17.14.36414.22
MinimumVisualStudioVersion = 10.0.40219.1
Project("{FAE04EC0-301F-11D3-BF4B-00C04F79EFBC}") = "EventsListingApp", "EventsListingApp\EventsListingApp.csproj", "{CDAE2F1D-BF5C-46E4-8C68-FD4C1734956F}"
EndProject
Project("{FAE04EC0-301F-11D3-BF4B-00C04F79EFBC}") = "EventListingAPI", "EventListingAPI\EventListingAPI.csproj", "{7372F6FB-37D7-4B63-A8D9-1B142F80D51B}"
EndProject
Global
	GlobalSection(SolutionConfigurationPlatforms) = preSolution
		Debug|Any CPU = Debug|Any CPU
		Release|Any CPU = Release|Any CPU
	EndGlobalSection
	GlobalSection(ProjectConfigurationPlatforms) = postSolution
		{CDAE2F1D-BF5C-46E4-8C68-FD4C1734956F}.Debug|Any CPU.ActiveCfg = Debug|Any CPU
		{CDAE2F1D-BF5C-46E4-8C68-FD4C1734956F}.Debug|Any CPU.Build.0 = Debug|Any CPU
		{CDAE2F1D-BF5C-46E4-8C68-FD4C1734956F}.Release|Any CPU.ActiveCfg = Release|Any CPU
		{CDAE2F1D-BF5C-46E4-8C68-FD4C1734956F}.Release|Any CPU.Build.0 = Release|Any CPU
		{7372F6FB-37D7-4B63-A8D9-1B142F80D51B}.Debug|Any CPU.ActiveCfg = Debug|Any CPU
		{7372F6FB-37D7-4B63-A8D9-1B142F80D51B}.Debug|Any CPU.Build.0 = Debug|Any CPU
		{7372F6FB-37D7-4B63-A8D9-1B142F80D51B}.Release|Any CPU.ActiveCfg = Release|Any CPU
		{7372F6FB-37D7-4B63-A8D9-1B142F80D51B}.Release|Any CPU.Build.0 = Release|Any CPU
	EndGlobalSection
	GlobalSection(SolutionProperties) = preSolution
		HideSolutionNode = FALSE
	EndGlobalSection
	GlobalSection(ExtensibilityGlobals) = postSolution
		SolutionGuid = {5326E9A3-4443-499E-9454-8AB026E9C961}
	EndGlobalSection
EndGlobal
